
Microsoft Visual Studio Solution File, Format Version 12.00
# Visual Studio 15
VisualStudioVersion = 15.0.26730.10
MinimumVisualStudioVersion = 10.0.40219.1
Project("{9A19103F-16F7-4668-BE54-9A1E7A4F7556}") = "Arithmetic.Evaluation.Server", "src\Arithmetic.Evaluation.Server\Arithmetic.Evaluation.Server.csproj", "{D2550DF7-6D18-44F3-A7D4-E85948AEB81E}"
EndProject
Project("{9A19103F-16F7-4668-BE54-9A1E7A4F7556}") = "Arithmetic.Evaluation.Client", "src\Arithmetic.Evaluation.Client\Arithmetic.Evaluation.Client.csproj", "{5782EADD-A27C-4590-8B12-796A364FCD96}"
EndProject
Project("{9A19103F-16F7-4668-BE54-9A1E7A4F7556}") = "Arithmetic.Evaluation.Tests", "src\Arithmetic.Evaluation.Tests\Arithmetic.Evaluation.Tests.csproj", "{285BACB3-7D52-4039-B120-8D35EAE62324}"
EndProject
Project("{FAE04EC0-301F-11D3-BF4B-00C04F79EFBC}") = "Arithmetic.Evaluation.Shared", "src\Application.Evaluation.Shared\Arithmetic.Evaluation.Shared.csproj", "{0B1D02A0-8A01-4910-BC49-00DBB8E1C11B}"
EndProject
Global
	GlobalSection(SolutionConfigurationPlatforms) = preSolution
		Debug|Any CPU = Debug|Any CPU
		Release|Any CPU = Release|Any CPU
	EndGlobalSection
	GlobalSection(ProjectConfigurationPlatforms) = postSolution
		{D2550DF7-6D18-44F3-A7D4-E85948AEB81E}.Debug|Any CPU.ActiveCfg = Debug|Any CPU
		{D2550DF7-6D18-44F3-A7D4-E85948AEB81E}.Debug|Any CPU.Build.0 = Debug|Any CPU
		{D2550DF7-6D18-44F3-A7D4-E85948AEB81E}.Release|Any CPU.ActiveCfg = Release|Any CPU
		{D2550DF7-6D18-44F3-A7D4-E85948AEB81E}.Release|Any CPU.Build.0 = Release|Any CPU
		{5782EADD-A27C-4590-8B12-796A364FCD96}.Debug|Any CPU.ActiveCfg = Debug|Any CPU
		{5782EADD-A27C-4590-8B12-796A364FCD96}.Debug|Any CPU.Build.0 = Debug|Any CPU
		{5782EADD-A27C-4590-8B12-796A364FCD96}.Release|Any CPU.ActiveCfg = Release|Any CPU
		{5782EADD-A27C-4590-8B12-796A364FCD96}.Release|Any CPU.Build.0 = Release|Any CPU
		{285BACB3-7D52-4039-B120-8D35EAE62324}.Debug|Any CPU.ActiveCfg = Debug|Any CPU
		{285BACB3-7D52-4039-B120-8D35EAE62324}.Debug|Any CPU.Build.0 = Debug|Any CPU
		{285BACB3-7D52-4039-B120-8D35EAE62324}.Release|Any CPU.ActiveCfg = Release|Any CPU
		{285BACB3-7D52-4039-B120-8D35EAE62324}.Release|Any CPU.Build.0 = Release|Any CPU
		{0B1D02A0-8A01-4910-BC49-00DBB8E1C11B}.Debug|Any CPU.ActiveCfg = Debug|Any CPU
		{0B1D02A0-8A01-4910-BC49-00DBB8E1C11B}.Debug|Any CPU.Build.0 = Debug|Any CPU
		{0B1D02A0-8A01-4910-BC49-00DBB8E1C11B}.Release|Any CPU.ActiveCfg = Release|Any CPU
		{0B1D02A0-8A01-4910-BC49-00DBB8E1C11B}.Release|Any CPU.Build.0 = Release|Any CPU
	EndGlobalSection
	GlobalSection(SolutionProperties) = preSolution
		HideSolutionNode = FALSE
	EndGlobalSection
	GlobalSection(ExtensibilityGlobals) = postSolution
		SolutionGuid = {96B74035-2B4E-4A3A-936E-5D5F13231878}
	EndGlobalSection
EndGlobal
